
Microsoft Visual Studio Solution File, Format Version 12.00
# Visual Studio Version 16
VisualStudioVersion = 16.0.29411.108
MinimumVisualStudioVersion = 10.0.40219.1
Project("{9A19103F-16F7-4668-BE54-9A1E7A4F7556}") = "WebApi", "WebApi\WebApi.csproj", "{F4C3AE19-A61E-4E32-97B5-6F298C714B40}"
EndProject
Project("{9A19103F-16F7-4668-BE54-9A1E7A4F7556}") = "Model", "Model\Model.csproj", "{3DC1EE1F-D2FD-4AB4-8A47-39112D5598CE}"
EndProject
Project("{9A19103F-16F7-4668-BE54-9A1E7A4F7556}") = "DatabaseContext", "DatabaseContext\DatabaseContext.csproj", "{D1DC8BE0-9A95-4088-BAEE-87F070F3EC60}"
EndProject
Project("{FAE04EC0-301F-11D3-BF4B-00C04F79EFBC}") = "Services", "Services\Services.csproj", "{D092A3AC-0E82-478C-A440-9B2C1D398BF5}"
EndProject
Global
	GlobalSection(SolutionConfigurationPlatforms) = preSolution
		Debug|Any CPU = Debug|Any CPU
		Release|Any CPU = Release|Any CPU
	EndGlobalSection
	GlobalSection(ProjectConfigurationPlatforms) = postSolution
		{F4C3AE19-A61E-4E32-97B5-6F298C714B40}.Debug|Any CPU.ActiveCfg = Debug|Any CPU
		{F4C3AE19-A61E-4E32-97B5-6F298C714B40}.Debug|Any CPU.Build.0 = Debug|Any CPU
		{F4C3AE19-A61E-4E32-97B5-6F298C714B40}.Release|Any CPU.ActiveCfg = Release|Any CPU
		{F4C3AE19-A61E-4E32-97B5-6F298C714B40}.Release|Any CPU.Build.0 = Release|Any CPU
		{3DC1EE1F-D2FD-4AB4-8A47-39112D5598CE}.Debug|Any CPU.ActiveCfg = Debug|Any CPU
		{3DC1EE1F-D2FD-4AB4-8A47-39112D5598CE}.Debug|Any CPU.Build.0 = Debug|Any CPU
		{3DC1EE1F-D2FD-4AB4-8A47-39112D5598CE}.Release|Any CPU.ActiveCfg = Release|Any CPU
		{3DC1EE1F-D2FD-4AB4-8A47-39112D5598CE}.Release|Any CPU.Build.0 = Release|Any CPU
		{D1DC8BE0-9A95-4088-BAEE-87F070F3EC60}.Debug|Any CPU.ActiveCfg = Debug|Any CPU
		{D1DC8BE0-9A95-4088-BAEE-87F070F3EC60}.Debug|Any CPU.Build.0 = Debug|Any CPU
		{D1DC8BE0-9A95-4088-BAEE-87F070F3EC60}.Release|Any CPU.ActiveCfg = Release|Any CPU
		{D1DC8BE0-9A95-4088-BAEE-87F070F3EC60}.Release|Any CPU.Build.0 = Release|Any CPU
		{D092A3AC-0E82-478C-A440-9B2C1D398BF5}.Debug|Any CPU.ActiveCfg = Debug|Any CPU
		{D092A3AC-0E82-478C-A440-9B2C1D398BF5}.Debug|Any CPU.Build.0 = Debug|Any CPU
		{D092A3AC-0E82-478C-A440-9B2C1D398BF5}.Release|Any CPU.ActiveCfg = Release|Any CPU
		{D092A3AC-0E82-478C-A440-9B2C1D398BF5}.Release|Any CPU.Build.0 = Release|Any CPU
	EndGlobalSection
	GlobalSection(SolutionProperties) = preSolution
		HideSolutionNode = FALSE
	EndGlobalSection
	GlobalSection(ExtensibilityGlobals) = postSolution
		SolutionGuid = {CCFE1898-FD64-41FC-BB4C-807C7955E0F5}
	EndGlobalSection
EndGlobal
